
Microsoft Visual Studio Solution File, Format Version 12.00
# Visual Studio Version 16
VisualStudioVersion = 16.0.32630.194
MinimumVisualStudioVersion = 10.0.40219.1
Project("{FAE04EC0-301F-11D3-BF4B-00C04F79EFBC}") = "CheckAndCutMP3", "CheckAndCutMP3.csproj", "{AAABF522-22BF-424D-9EE6-21A63191CFF0}"
EndProject
Project("{54435603-DBB4-11D2-8724-00A0C9A8B90C}") = "Setup", "Setup\Setup.vdproj", "{0916BC33-B965-4914-B15E-50B127A02963}"
EndProject
Global
	GlobalSection(SolutionConfigurationPlatforms) = preSolution
		Debug|Any CPU = Debug|Any CPU
		Release|Any CPU = Release|Any CPU
	EndGlobalSection
	GlobalSection(ProjectConfigurationPlatforms) = postSolution
		{AAABF522-22BF-424D-9EE6-21A63191CFF0}.Debug|Any CPU.ActiveCfg = Debug|Any CPU
		{AAABF522-22BF-424D-9EE6-21A63191CFF0}.Debug|Any CPU.Build.0 = Debug|Any CPU
		{AAABF522-22BF-424D-9EE6-21A63191CFF0}.Release|Any CPU.ActiveCfg = Release|Any CPU
		{AAABF522-22BF-424D-9EE6-21A63191CFF0}.Release|Any CPU.Build.0 = Release|Any CPU
		{0916BC33-B965-4914-B15E-50B127A02963}.Debug|Any CPU.ActiveCfg = Debug
		{0916BC33-B965-4914-B15E-50B127A02963}.Release|Any CPU.ActiveCfg = Release
	EndGlobalSection
	GlobalSection(SolutionProperties) = preSolution
		HideSolutionNode = FALSE
	EndGlobalSection
	GlobalSection(ExtensibilityGlobals) = postSolution
		SolutionGuid = {987F99F7-563C-4F94-BD2E-977309256BC1}
	EndGlobalSection
EndGlobal
